
Microsoft Visual Studio Solution File, Format Version 12.00
# Visual Studio Version 17
VisualStudioVersion = 17.1.32210.238
MinimumVisualStudioVersion = 10.0.40219.1
Project("{FAE04EC0-301F-11D3-BF4B-00C04F79EFBC}") = "MicrophoneLevelLogger", "MicrophoneLevelLogger\MicrophoneLevelLogger.csproj", "{234C689B-78E2-4073-A6BC-0A69BB177B1D}"
EndProject
Global
	GlobalSection(SolutionConfigurationPlatforms) = preSolution
		Debug|Any CPU = Debug|Any CPU
		Release|Any CPU = Release|Any CPU
	EndGlobalSection
	GlobalSection(ProjectConfigurationPlatforms) = postSolution
		{234C689B-78E2-4073-A6BC-0A69BB177B1D}.Debug|Any CPU.ActiveCfg = Debug|Any CPU
		{234C689B-78E2-4073-A6BC-0A69BB177B1D}.Debug|Any CPU.Build.0 = Debug|Any CPU
		{234C689B-78E2-4073-A6BC-0A69BB177B1D}.Release|Any CPU.ActiveCfg = Release|Any CPU
		{234C689B-78E2-4073-A6BC-0A69BB177B1D}.Release|Any CPU.Build.0 = Release|Any CPU
	EndGlobalSection
	GlobalSection(SolutionProperties) = preSolution
		HideSolutionNode = FALSE
	EndGlobalSection
	GlobalSection(ExtensibilityGlobals) = postSolution
		SolutionGuid = {D96662E6-DA7A-4B61-A9F6-F59CCFA1BC3C}
	EndGlobalSection
EndGlobal
